<?xml version="1.0" encoding="utf-8"?>
<Project ToolsVersion="4.0" xmlns="http://schemas.microsoft.com/developer/msbuild/2003">
  <ItemGroup>
    <Filter Include="Source Files">
      <UniqueIdentifier>{4FC737F1-C7A5-4376-A066-2A32D752A2FF}</UniqueIdentifier>
      <Extensions>cpp;c;cc;cxx;def;odl;idl;hpj;bat;asm;asmx</Extensions>
    </Filter>
    <Filter Include="Header Files">
      <UniqueIdentifier>{93995380-89BD-4b04-88EB-625FBE52EBFB}</UniqueIdentifier>
      <Extensions>h;hpp;hxx;hm;inl;inc;xsd</Extensions>
    </Filter>
    <Filter Include="Resource Files">
      <UniqueIdentifier>{67DA6AB6-F800-4c08-8B7A-83BB121AAD01}</UniqueIdentifier>
      <Extensions>rc;ico;cur;bmp;dlg;rc2;rct;bin;rgs;gif;jpg;jpeg;jpe;resx;tiff;tif;png;wav;mfcribbon-ms</Extensions>
    </Filter>
  </ItemGroup>
  <ItemGroup>
    <ClCompile Include="src\*.c">
      <Filter>Source Files</Filter>
    </ClCompile>
    <ClCompile Include="src\*.c">
      <Filter>Source Files</Filter>
    </ClCompile>
    <ClCompile Include="src\*.c">
      <Filter>Source Files</Filter>
    </ClCompile>
    <ClCompile Include="src\*.c">
      <Filter>Source Files</Filter>
    </ClCompile>
    <ClCompile Include="src\*.c">
      <Filter>Source Files</Filter>
    </ClCompile>
    <ClCompile Include="src\*.c">
      <Filter>Source Files</Filter>
    </ClCompile>
    <ClCompile Include="src\*.c">
      <Filter>Source Files</Filter>
    </ClCompile>
    <ClCompile Include="src\*.c">
      <Filter>Source Files</Filter>
    </ClCompile>
    <ClCompile Include="src\*.c">
      <Filter>Source Files</Filter>
    </ClCompile>
    <ClCompile Include="src\*.c">
      <Filter>Source Files</Filter>
    </ClCompile>
    <ClCompile Include="src\*.c">
      <Filter>Source Files</Filter>
    </ClCompile>
    <ClCompile Include="src\*.c">
      <Filter>Source Files</Filter>
    </ClCompile>
    <ClCompile Include="src\*.c">
      <Filter>Source Files</Filter>
    </ClCompile>
    <ClCompile Include="src\*.c">
      <Filter>Source Files</Filter>
    </ClCompile>
    <ClCompile Include="src\*.c">
      <Filter>Source Files</Filter>
    </ClCompile>
    <ClCompile Include="src\*.c">
      <Filter>Source Files</Filter>
    </ClCompile>
    <ClCompile Include="src\*.c">
      <Filter>Source Files</Filter>
    </ClCompile>
    <ClCompile Include="src\*.c">
      <Filter>Source Files</Filter>
    </ClCompile>
    <ClCompile Include="src\*.c">
      <Filter>Source Files</Filter>
    </ClCompile>
    <ClCompile Include="src\*.c">
      <Filter>Source Files</Filter>
    </ClCompile>
    <ClCompile Include="src\*.c">
      <Filter>Source Files</Filter>
    </ClCompile>
    <ClCompile Include="src\*.c">
      <Filter>Source Files</Filter>
    </ClCompile>
    <ClCompile Include="src\*.c">
      <Filter>Source Files</Filter>
    </ClCompile>
    <ClCompile Include="src\*.c">
      <Filter>Source Files</Filter>
    </ClCompile>
    <ClCompile Include="src\*.c">
      <Filter>Source Files</Filter>
    </ClCompile>
    <ClCompile Include="src\*.c">
      <Filter>Source Files</Filter>
    </ClCompile>
    <ClCompile Include="src\*.c">
      <Filter>Source Files</Filter>
    </ClCompile>
    <ClCompile Include="src\*.c">
      <Filter>Source Files</Filter>
    </ClCompile>
    <ClCompile Include="src\*.c">
      <Filter>Source Files</Filter>
    </ClCompile>
    <ClCompile Include="src\*.c">
      <Filter>Source Files</Filter>
    </ClCompile>
    <ClCompile Include="src\*.c">
      <Filter>Source Files</Filter>
    </ClCompile>
    <ClCompile Include="src\*.c">
      <Filter>Source Files</Filter>
    </ClCompile>
    <ClCompile Include="src\*.c">
      <Filter>Source Files</Filter>
    </ClCompile>
    <ClCompile Include="src\*.c">
      <Filter>Source Files</Filter>
    </ClCompile>
    <ClCompile Include="src\*.c">
      <Filter>Source Files</Filter>
    </ClCompile>
    <ClCompile Include="src\*.c">
      <Filter>Source Files</Filter>
    </ClCompile>
    <ClCompile Include="src\*.c">
      <Filter>Source Files</Filter>
    </ClCompile>
    <ClCompile Include="src\*.c">
      <Filter>Source Files</Filter>
    </ClCompile>
    <ClCompile Include="src\*.c">
      <Filter>Source Files</Filter>
    </ClCompile>
    <ClCompile Include="src\*.c">
      <Filter>Source Files</Filter>
    </ClCompile>
    <ClCompile Include="src\*.c">
      <Filter>Source Files</Filter>
    </ClCompile>
    <ClCompile Include="src\*.c">
      <Filter>Source Files</Filter>
    </ClCompile>
    <ClCompile Include="src\*.c">
      <Filter>Source Files</Filter>
    </ClCompile>
    <ClCompile Include="src\*.c">
      <Filter>Source Files</Filter>
    </ClCompile>
    <ClCompile Include="src\*.c">
      <Filter>Source Files</Filter>
    </ClCompile>
    <ClCompile Include="src\*.c">
      <Filter>Source Files</Filter>
    </ClCompile>
    <ClCompile Include="src\*.c">
      <Filter>Source Files</Filter>
    </ClCompile>
    <ClCompile Include="src\*.c">
      <Filter>Source Files</Filter>
    </ClCompile>
    <ClCompile Include="src\*.c">
      <Filter>Source Files</Filter>
    </ClCompile>
    <ClCompile Include="src\*.c">
      <Filter>Source Files</Filter>
    </ClCompile>
    <ClCompile Include="src\*.c">
      <Filter>Source Files</Filter>
    </ClCompile>
    <ClCompile Include="src\*.c">
      <Filter>Source Files</Filter>
    </ClCompile>
    <ClCompile Include="src\*.c">
      <Filter>Source Files</Filter>
    </ClCompile>
    <ClCompile Include="src\*.c">
      <Filter>Source Files</Filter>
    </ClCompile>
    <ClCompile Include="src\*.c">
      <Filter>Source Files</Filter>
    </ClCompile>
    <ClCompile Include="src\*.c">
      <Filter>Source Files</Filter>
    </ClCompile>
    <ClCompile Include="src\*.c">
      <Filter>Source Files</Filter>
    </ClCompile>
    <ClCompile Include="src\*.c">
      <Filter>Source Files</Filter>
    </ClCompile>
    <ClCompile Include="src\*.c">
      <Filter>Source Files</Filter>
    </ClCompile>
    <ClCompile Include="src\*.c">
      <Filter>Source Files</Filter>
    </ClCompile>
    <ClCompile Include="src\*.c">
      <Filter>Source Files</Filter>
    </ClCompile>
    <ClCompile Include="src\*.c">
      <Filter>Source Files</Filter>
    </ClCompile>
    <ClCompile Include="src\*.c">
      <Filter>Source Files</Filter>
    </ClCompile>
    <ClCompile Include="src\*.c">
      <Filter>Source Files</Filter>
    </ClCompile>
    <ClCompile Include="src\*.c">
      <Filter>Source Files</Filter>
    </ClCompile>
    <ClCompile Include="src\*.c">
      <Filter>Source Files</Filter>
    </ClCompile>
    <ClCompile Include="src\*.c">
      <Filter>Source Files</Filter>
    </ClCompile>
    <ClCompile Include="src\*.c">
      <Filter>Source Files</Filter>
    </ClCompile>
    <ClCompile Include="src\*.c">
      <Filter>Source Files</Filter>
    </ClCompile>
    <ClCompile Include="src\*.c">
      <Filter>Source Files</Filter>
    </ClCompile>
    <ClCompile Include="src\*.c">
      <Filter>Source Files</Filter>
    </ClCompile>
    <ClCompile Include="src\*.c">
      <Filter>Source Files</Filter>
    </ClCompile>
    <ClCompile Include="src\*.c">
      <Filter>Source Files</Filter>
    </ClCompile>
    <ClCompile Include="src\*.c">
      <Filter>Source Files</Filter>
    </ClCompile>
    <ClCompile Include="src\*.c">
      <Filter>Source Files</Filter>
    </ClCompile>
    <ClCompile Include="src\*.c">
      <Filter>Source Files</Filter>
    </ClCompile>
    <ClCompile Include="src\*.c">
      <Filter>Source Files</Filter>
    </ClCompile>
    <ClCompile Include="src\*.c">
      <Filter>Source Files</Filter>
    </ClCompile>
    <ClCompile Include="src\*.c">
      <Filter>Source Files</Filter>
    </ClCompile>
    <ClCompile Include="src\*.c">
      <Filter>Source Files</Filter>
    </ClCompile>
    <ClCompile Include="src\*.c">
      <Filter>Source Files</Filter>
    </ClCompile>
    <ClCompile Include="src\*.c">
      <Filter>Source Files</Filter>
    </ClCompile>
    <ClCompile Include="src\*.c">
      <Filter>Source Files</Filter>
    </ClCompile>
    <ClCompile Include="src\*.c">
      <Filter>Source Files</Filter>
    </ClCompile>
    <ClCompile Include="src\*.c">
      <Filter>Source Files</Filter>
    </ClCompile>
    <ClCompile Include="src\*.c">
      <Filter>Source Files</Filter>
    </ClCompile>
    <ClCompile Include="src\*.c">
      <Filter>Source Files</Filter>
    </ClCompile>
    <ClCompile Include="src\*.c">
      <Filter>Source Files</Filter>
    </ClCompile>
    <ClCompile Include="src\*.c">
      <Filter>Source Files</Filter>
    </ClCompile>
    <ClCompile Include="src\*.c">
      <Filter>Source Files</Filter>
    </ClCompile>
    <ClCompile Include="src\*.c">
      <Filter>Source Files</Filter>
    </ClCompile>
    <ClCompile Include="src\*.c">
      <Filter>Source Files</Filter>
    </ClCompile>
    <ClCompile Include="src\*.c">
      <Filter>Source Files</Filter>
    </ClCompile>
    <ClCompile Include="src\*.c">
      <Filter>Source Files</Filter>
    </ClCompile>
    <ClCompile Include="src\*.c">
      <Filter>Source Files</Filter>
    </ClCompile>
    <ClCompile Include="src\*.c">
      <Filter>Source Files</Filter>
    </ClCompile>
    <ClCompile Include="src\*.c">
      <Filter>Source Files</Filter>
    </ClCompile>
    <ClCompile Include="src\*.c">
      <Filter>Source Files</Filter>
    </ClCompile>
    <ClCompile Include="src\*.c">
      <Filter>Source Files</Filter>
    </ClCompile>
    <ClCompile Include="src\*.c">
      <Filter>Source Files</Filter>
    </ClCompile>
    <ClCompile Include="src\*.c">
      <Filter>Source Files</Filter>
    </ClCompile>
    <ClCompile Include="src\*.c">
      <Filter>Source Files</Filter>
    </ClCompile>
    <ClCompile Include="src\*.c">
      <Filter>Source Files</Filter>
    </ClCompile>
    <ClCompile Include="src\*.c">
      <Filter>Source Files</Filter>
    </ClCompile>
    <ClCompile Include="src\*.c">
      <Filter>Source Files</Filter>
    </ClCompile>
    <ClCompile Include="src\*.c">
      <Filter>Source Files</Filter>
    </ClCompile>
    <ClCompile Include="src\*.c">
      <Filter>Source Files</Filter>
    </ClCompile>
    <ClCompile Include="src\*.c">
      <Filter>Source Files</Filter>
    </ClCompile>
    <ClCompile Include="src\*.c">
      <Filter>Source Files</Filter>
    </ClCompile>
    <ClCompile Include="src\*.c">
      <Filter>Source Files</Filter>
    </ClCompile>
    <ClCompile Include="src\*.c">
      <Filter>Source Files</Filter>
    </ClCompile>
    <ClCompile Include="src\*.c">
      <Filter>Source Files</Filter>
    </ClCompile>
    <ClCompile Include="src\*.c">
      <Filter>Source Files</Filter>
    </ClCompile>
    <ClCompile Include="src\*.c">
      <Filter>Source Files</Filter>
    </ClCompile>
  </ItemGroup>
  <ItemGroup>
    <None Include="..\README.md" />
  </ItemGroup>
  <ItemGroup>
    <ClInclude Include="inc\bbox_types.h">
      <Filter>Header Files</Filter>
    </ClInclude>
    <ClInclude Include="inc\cholesky.h">
      <Filter>Header Files</Filter>
    </ClInclude>
    <ClInclude Include="inc\compiler.h">
      <Filter>Header Files</Filter>
    </ClInclude>
    <ClInclude Include="inc\debug.h">
      <Filter>Header Files</Filter>
    </ClInclude>
    <ClInclude Include="inc\hungarian.h">
      <Filter>Header Files</Filter>
    </ClInclude>
    <ClInclude Include="inc\hungarian_unittest.h">
      <Filter>Header Files</Filter>
    </ClInclude>
    <ClInclude Include="inc\kalman.h">
      <Filter>Header Files</Filter>
    </ClInclude>
    <ClInclude Include="inc\kalman_cleanup_factory.h">
      <Filter>Header Files</Filter>
    </ClInclude>
    <ClInclude Include="inc\kalman_filters_factory.h">
      <Filter>Header Files</Filter>
    </ClInclude>
    <ClInclude Include="inc\kalman_measurements_factory.h">
      <Filter>Header Files</Filter>
    </ClInclude>
    <ClInclude Include="inc\matrix.h">
      <Filter>Header Files</Filter>
    </ClInclude>
    <ClInclude Include="inc\matrix_unittest.h">
      <Filter>Header Files</Filter>
    </ClInclude>
    <ClInclude Include="inc\nms_float.h">
      <Filter>Header Files</Filter>
    </ClInclude>
    <ClInclude Include="inc\pipeline.h">
      <Filter>Header Files</Filter>
    </ClInclude>
    <ClInclude Include="inc\pipeline_config.h">
      <Filter>Header Files</Filter>
    </ClInclude>
    <ClInclude Include="inc\pipeline_unittest.h">
      <Filter>Header Files</Filter>
    </ClInclude>
    <ClInclude Include="inc\postprocessing_unittest.h">
      <Filter>Header Files</Filter>
    </ClInclude>
    <ClInclude Include="inc\quant_unittest.h">
      <Filter>Header Files</Filter>
    </ClInclude>
    <ClInclude Include="inc\quant_utils.h">
      <Filter>Header Files</Filter>
    </ClInclude>
    <ClInclude Include="inc\tracking.h">
      <Filter>Header Files</Filter>
    </ClInclude>
    <ClInclude Include="inc\tracking_unittest.h">
      <Filter>Header Files</Filter>
    </ClInclude>
    <ClInclude Include="inc\vec_types.h">
      <Filter>Header Files</Filter>
    </ClInclude>
    <ClInclude Include="inc\bbox_types.h">
      <Filter>Header Files</Filter>
    </ClInclude>
    <ClInclude Include="inc\cholesky.h">
      <Filter>Header Files</Filter>
    </ClInclude>
    <ClInclude Include="inc\compiler.h">
      <Filter>Header Files</Filter>
    </ClInclude>
    <ClInclude Include="inc\counting.h">
      <Filter>Header Files</Filter>
    </ClInclude>
    <ClInclude Include="inc\counting_unittest.h">
      <Filter>Header Files</Filter>
    </ClInclude>
    <ClInclude Include="inc\debug.h">
      <Filter>Header Files</Filter>
    </ClInclude>
    <ClInclude Include="inc\hungarian.h">
      <Filter>Header Files</Filter>
    </ClInclude>
    <ClInclude Include="inc\hungarian_unittest.h">
      <Filter>Header Files</Filter>
    </ClInclude>
    <ClInclude Include="inc\kalman.h">
      <Filter>Header Files</Filter>
    </ClInclude>
    <ClInclude Include="inc\kalman_cleanup_factory.h">
      <Filter>Header Files</Filter>
    </ClInclude>
    <ClInclude Include="inc\kalman_filters_factory.h">
      <Filter>Header Files</Filter>
    </ClInclude>
    <ClInclude Include="inc\kalman_measurements_factory.h">
      <Filter>Header Files</Filter>
    </ClInclude>
    <ClInclude Include="inc\matrix.h">
      <Filter>Header Files</Filter>
    </ClInclude>
    <ClInclude Include="inc\matrix_unittest.h">
      <Filter>Header Files</Filter>
    </ClInclude>
    <ClInclude Include="inc\nms_byte.h">
      <Filter>Header Files</Filter>
    </ClInclude>
    <ClInclude Include="inc\nms_float.h">
      <Filter>Header Files</Filter>
    </ClInclude>
    <ClInclude Include="inc\pipeline.h">
      <Filter>Header Files</Filter>
    </ClInclude>
    <ClInclude Include="inc\pipeline_config.h">
      <Filter>Header Files</Filter>
    </ClInclude>
    <ClInclude Include="inc\pipeline_unittest.h">
      <Filter>Header Files</Filter>
    </ClInclude>
    <ClInclude Include="inc\postprocessing_unittest.h">
      <Filter>Header Files</Filter>
    </ClInclude>
    <ClInclude Include="inc\quant_unittest.h">
      <Filter>Header Files</Filter>
    </ClInclude>
    <ClInclude Include="inc\quant_utils.h">
      <Filter>Header Files</Filter>
    </ClInclude>
    <ClInclude Include="inc\tracking.h">
      <Filter>Header Files</Filter>
    </ClInclude>
    <ClInclude Include="inc\tracking_unittest.h">
      <Filter>Header Files</Filter>
    </ClInclude>
    <ClInclude Include="inc\vec_types.h">
      <Filter>Header Files</Filter>
    </ClInclude>
    <ClInclude Include="inc\bbox_types.h">
      <Filter>Header Files</Filter>
    </ClInclude>
    <ClInclude Include="inc\cholesky.h">
      <Filter>Header Files</Filter>
    </ClInclude>
    <ClInclude Include="inc\compiler.h">
      <Filter>Header Files</Filter>
    </ClInclude>
    <ClInclude Include="inc\counting.h">
      <Filter>Header Files</Filter>
    </ClInclude>
    <ClInclude Include="inc\counting_unittest.h">
      <Filter>Header Files</Filter>
    </ClInclude>
    <ClInclude Include="inc\debug.h">
      <Filter>Header Files</Filter>
    </ClInclude>
    <ClInclude Include="inc\hungarian.h">
      <Filter>Header Files</Filter>
    </ClInclude>
    <ClInclude Include="inc\hungarian_unittest.h">
      <Filter>Header Files</Filter>
    </ClInclude>
    <ClInclude Include="inc\kalman.h">
      <Filter>Header Files</Filter>
    </ClInclude>
    <ClInclude Include="inc\kalman_cleanup_factory.h">
      <Filter>Header Files</Filter>
    </ClInclude>
    <ClInclude Include="inc\kalman_filters_factory.h">
      <Filter>Header Files</Filter>
    </ClInclude>
    <ClInclude Include="inc\kalman_measurements_factory.h">
      <Filter>Header Files</Filter>
    </ClInclude>
    <ClInclude Include="inc\matrix.h">
      <Filter>Header Files</Filter>
    </ClInclude>
    <ClInclude Include="inc\matrix_unittest.h">
      <Filter>Header Files</Filter>
    </ClInclude>
    <ClInclude Include="inc\nms_byte.h">
      <Filter>Header Files</Filter>
    </ClInclude>
    <ClInclude Include="inc\nms_float.h">
      <Filter>Header Files</Filter>
    </ClInclude>
    <ClInclude Include="inc\pipeline.h">
      <Filter>Header Files</Filter>
    </ClInclude>
    <ClInclude Include="inc\pipeline_config.h">
      <Filter>Header Files</Filter>
    </ClInclude>
    <ClInclude Include="inc\pipeline_unittest.h">
      <Filter>Header Files</Filter>
    </ClInclude>
    <ClInclude Include="inc\postprocessing_unittest.h">
      <Filter>Header Files</Filter>
    </ClInclude>
    <ClInclude Include="inc\quant_unittest.h">
      <Filter>Header Files</Filter>
    </ClInclude>
    <ClInclude Include="inc\quant_utils.h">
      <Filter>Header Files</Filter>
    </ClInclude>
    <ClInclude Include="inc\tracking.h">
      <Filter>Header Files</Filter>
    </ClInclude>
    <ClInclude Include="inc\tracking_unittest.h">
      <Filter>Header Files</Filter>
    </ClInclude>
    <ClInclude Include="inc\vec_types.h">
      <Filter>Header Files</Filter>
    </ClInclude>
    <ClInclude Include="inc\bbox_types.h">
      <Filter>Header Files</Filter>
    </ClInclude>
    <ClInclude Include="inc\cholesky.h">
      <Filter>Header Files</Filter>
    </ClInclude>
    <ClInclude Include="inc\compiler.h">
      <Filter>Header Files</Filter>
    </ClInclude>
    <ClInclude Include="inc\counting.h">
      <Filter>Header Files</Filter>
    </ClInclude>
    <ClInclude Include="inc\counting_unittest.h">
      <Filter>Header Files</Filter>
    </ClInclude>
    <ClInclude Include="inc\debug.h">
      <Filter>Header Files</Filter>
    </ClInclude>
    <ClInclude Include="inc\hungarian.h">
      <Filter>Header Files</Filter>
    </ClInclude>
    <ClInclude Include="inc\hungarian_unittest.h">
      <Filter>Header Files</Filter>
    </ClInclude>
    <ClInclude Include="inc\kalman.h">
      <Filter>Header Files</Filter>
    </ClInclude>
    <ClInclude Include="inc\kalman_cleanup_factory.h">
      <Filter>Header Files</Filter>
    </ClInclude>
    <ClInclude Include="inc\kalman_filters_factory.h">
      <Filter>Header Files</Filter>
    </ClInclude>
    <ClInclude Include="inc\kalman_measurements_factory.h">
      <Filter>Header Files</Filter>
    </ClInclude>
    <ClInclude Include="inc\matrix.h">
      <Filter>Header Files</Filter>
    </ClInclude>
    <ClInclude Include="inc\matrix_unittest.h">
      <Filter>Header Files</Filter>
    </ClInclude>
    <ClInclude Include="inc\nms_byte.h">
      <Filter>Header Files</Filter>
    </ClInclude>
    <ClInclude Include="inc\nms_float.h">
      <Filter>Header Files</Filter>
    </ClInclude>
    <ClInclude Include="inc\pipeline.h">
      <Filter>Header Files</Filter>
    </ClInclude>
    <ClInclude Include="inc\pipeline_config.h">
      <Filter>Header Files</Filter>
    </ClInclude>
    <ClInclude Include="inc\pipeline_unittest.h">
      <Filter>Header Files</Filter>
    </ClInclude>
    <ClInclude Include="inc\postprocessing_unittest.h">
      <Filter>Header Files</Filter>
    </ClInclude>
    <ClInclude Include="inc\project_defines_standalone.h">
      <Filter>Header Files</Filter>
    </ClInclude>
    <ClInclude Include="inc\quant_unittest.h">
      <Filter>Header Files</Filter>
    </ClInclude>
    <ClInclude Include="inc\quant_utils.h">
      <Filter>Header Files</Filter>
    </ClInclude>
    <ClInclude Include="inc\tracking.h">
      <Filter>Header Files</Filter>
    </ClInclude>
    <ClInclude Include="inc\tracking_unittest.h">
      <Filter>Header Files</Filter>
    </ClInclude>
    <ClInclude Include="inc\vec_types.h">
      <Filter>Header Files</Filter>
    </ClInclude>
    <ClInclude Include="inc\*.h">
      <Filter>Header Files</Filter>
    </ClInclude>
    <ClInclude Include="inc\*.h">
      <Filter>Header Files</Filter>
    </ClInclude>
    <ClInclude Include="inc\*.h">
      <Filter>Header Files</Filter>
    </ClInclude>
    <ClInclude Include="inc\*.h">
      <Filter>Header Files</Filter>
    </ClInclude>
    <ClInclude Include="inc\*.h">
      <Filter>Header Files</Filter>
    </ClInclude>
    <ClInclude Include="inc\*.h">
      <Filter>Header Files</Filter>
    </ClInclude>
    <ClInclude Include="inc\*.h">
      <Filter>Header Files</Filter>
    </ClInclude>
    <ClInclude Include="inc\*.h">
      <Filter>Header Files</Filter>
    </ClInclude>
    <ClInclude Include="inc\*.h">
      <Filter>Header Files</Filter>
    </ClInclude>
    <ClInclude Include="inc\*.h">
      <Filter>Header Files</Filter>
    </ClInclude>
    <ClInclude Include="inc\*.h">
      <Filter>Header Files</Filter>
    </ClInclude>
    <ClInclude Include="inc\*.h">
      <Filter>Header Files</Filter>
    </ClInclude>
    <ClInclude Include="inc\*.h">
      <Filter>Header Files</Filter>
    </ClInclude>
    <ClInclude Include="inc\*.h">
      <Filter>Header Files</Filter>
    </ClInclude>
    <ClInclude Include="inc\*.h">
      <Filter>Header Files</Filter>
    </ClInclude>
    <ClInclude Include="inc\*.h">
      <Filter>Header Files</Filter>
    </ClInclude>
    <ClInclude Include="inc\*.h">
      <Filter>Header Files</Filter>
    </ClInclude>
    <ClInclude Include="inc\*.h">
      <Filter>Header Files</Filter>
    </ClInclude>
    <ClInclude Include="inc\*.h">
      <Filter>Header Files</Filter>
    </ClInclude>
    <ClInclude Include="inc\*.h">
      <Filter>Header Files</Filter>
    </ClInclude>
    <ClInclude Include="inc\*.h">
      <Filter>Header Files</Filter>
    </ClInclude>
    <ClInclude Include="inc\*.h">
      <Filter>Header Files</Filter>
    </ClInclude>
    <ClInclude Include="inc\*.h">
      <Filter>Header Files</Filter>
    </ClInclude>
    <ClInclude Include="inc\*.h">
      <Filter>Header Files</Filter>
    </ClInclude>
    <ClInclude Include="inc\*.h">
      <Filter>Header Files</Filter>
    </ClInclude>
    <ClInclude Include="inc\*.h">
      <Filter>Header Files</Filter>
    </ClInclude>
    <ClInclude Include="inc\*.h">
      <Filter>Header Files</Filter>
    </ClInclude>
    <ClInclude Include="inc\*.h">
      <Filter>Header Files</Filter>
    </ClInclude>
    <ClInclude Include="inc\*.h">
      <Filter>Header Files</Filter>
    </ClInclude>
    <ClInclude Include="inc\*.h">
      <Filter>Header Files</Filter>
    </ClInclude>
    <ClInclude Include="inc\*.h">
      <Filter>Header Files</Filter>
    </ClInclude>
    <ClInclude Include="inc\*.h">
      <Filter>Header Files</Filter>
    </ClInclude>
    <ClInclude Include="inc\*.h">
      <Filter>Header Files</Filter>
    </ClInclude>
    <ClInclude Include="inc\*.h">
      <Filter>Header Files</Filter>
    </ClInclude>
    <ClInclude Include="inc\*.h">
      <Filter>Header Files</Filter>
    </ClInclude>
    <ClInclude Include="inc\*.h">
      <Filter>Header Files</Filter>
    </ClInclude>
    <ClInclude Include="inc\*.h">
      <Filter>Header Files</Filter>
    </ClInclude>
    <ClInclude Include="inc\*.h">
      <Filter>Header Files</Filter>
    </ClInclude>
    <ClInclude Include="inc\*.h">
      <Filter>Header Files</Filter>
    </ClInclude>
    <ClInclude Include="inc\*.h">
      <Filter>Header Files</Filter>
    </ClInclude>
    <ClInclude Include="inc\*.h">
      <Filter>Header Files</Filter>
    </ClInclude>
    <ClInclude Include="inc\*.h">
      <Filter>Header Files</Filter>
    </ClInclude>
    <ClInclude Include="inc\*.h">
      <Filter>Header Files</Filter>
    </ClInclude>
    <ClInclude Include="inc\*.h">
      <Filter>Header Files</Filter>
    </ClInclude>
    <ClInclude Include="inc\*.h">
      <Filter>Header Files</Filter>
    </ClInclude>
    <ClInclude Include="inc\*.h">
      <Filter>Header Files</Filter>
    </ClInclude>
    <ClInclude Include="inc\*.h">
      <Filter>Header Files</Filter>
    </ClInclude>
    <ClInclude Include="inc\*.h">
      <Filter>Header Files</Filter>
    </ClInclude>
    <ClInclude Include="inc\bbox_types.h">
      <Filter>Header Files</Filter>
    </ClInclude>
    <ClInclude Include="inc\cholesky.h">
      <Filter>Header Files</Filter>
    </ClInclude>
    <ClInclude Include="inc\compiler.h">
      <Filter>Header Files</Filter>
    </ClInclude>
    <ClInclude Include="inc\debug.h">
      <Filter>Header Files</Filter>
    </ClInclude>
    <ClInclude Include="inc\hungarian.h">
      <Filter>Header Files</Filter>
    </ClInclude>
    <ClInclude Include="inc\hungarian_unittest.h">
      <Filter>Header Files</Filter>
    </ClInclude>
    <ClInclude Include="inc\kalman.h">
      <Filter>Header Files</Filter>
    </ClInclude>
    <ClInclude Include="inc\kalman_cleanup_factory.h">
      <Filter>Header Files</Filter>
    </ClInclude>
    <ClInclude Include="inc\kalman_filters_factory.h">
      <Filter>Header Files</Filter>
    </ClInclude>
    <ClInclude Include="inc\kalman_measurements_factory.h">
      <Filter>Header Files</Filter>
    </ClInclude>
    <ClInclude Include="inc\matrix.h">
      <Filter>Header Files</Filter>
    </ClInclude>
    <ClInclude Include="inc\matrix_unittest.h">
      <Filter>Header Files</Filter>
    </ClInclude>
    <ClInclude Include="inc\nms_float.h">
      <Filter>Header Files</Filter>
    </ClInclude>
    <ClInclude Include="inc\pipeline.h">
      <Filter>Header Files</Filter>
    </ClInclude>
    <ClInclude Include="inc\pipeline_config.h">
      <Filter>Header Files</Filter>
    </ClInclude>
    <ClInclude Include="inc\pipeline_unittest.h">
      <Filter>Header Files</Filter>
    </ClInclude>
    <ClInclude Include="inc\postprocessing_unittest.h">
      <Filter>Header Files</Filter>
    </ClInclude>
    <ClInclude Include="inc\quant_unittest.h">
      <Filter>Header Files</Filter>
    </ClInclude>
    <ClInclude Include="inc\quant_utils.h">
      <Filter>Header Files</Filter>
    </ClInclude>
    <ClInclude Include="inc\tracking.h">
      <Filter>Header Files</Filter>
    </ClInclude>
    <ClInclude Include="inc\tracking_unittest.h">
      <Filter>Header Files</Filter>
    </ClInclude>
    <ClInclude Include="inc\vec_types.h">
      <Filter>Header Files</Filter>
    </ClInclude>
    <ClInclude Include="inc\*.h">
      <Filter>Header Files</Filter>
    </ClInclude>
    <ClInclude Include="inc\*.h">
      <Filter>Header Files</Filter>
    </ClInclude>
    <ClInclude Include="inc\*.h">
      <Filter>Header Files</Filter>
    </ClInclude>
    <ClInclude Include="inc\*.h">
      <Filter>Header Files</Filter>
    </ClInclude>
    <ClInclude Include="inc\*.h">
      <Filter>Header Files</Filter>
    </ClInclude>
    <ClInclude Include="inc\*.h">
      <Filter>Header Files</Filter>
    </ClInclude>
    <ClInclude Include="inc\*.h">
      <Filter>Header Files</Filter>
    </ClInclude>
    <ClInclude Include="inc\*.h">
      <Filter>Header Files</Filter>
    </ClInclude>
    <ClInclude Include="inc\bbox_types.h">
      <Filter>Header Files</Filter>
    </ClInclude>
    <ClInclude Include="inc\cholesky.h">
      <Filter>Header Files</Filter>
    </ClInclude>
    <ClInclude Include="inc\compiler.h">
      <Filter>Header Files</Filter>
    </ClInclude>
    <ClInclude Include="inc\debug.h">
      <Filter>Header Files</Filter>
    </ClInclude>
    <ClInclude Include="inc\hungarian.h">
      <Filter>Header Files</Filter>
    </ClInclude>
    <ClInclude Include="inc\hungarian_unittest.h">
      <Filter>Header Files</Filter>
    </ClInclude>
    <ClInclude Include="inc\kalman.h">
      <Filter>Header Files</Filter>
    </ClInclude>
    <ClInclude Include="inc\kalman_cleanup_factory.h">
      <Filter>Header Files</Filter>
    </ClInclude>
    <ClInclude Include="inc\kalman_filters_factory.h">
      <Filter>Header Files</Filter>
    </ClInclude>
    <ClInclude Include="inc\kalman_measurements_factory.h">
      <Filter>Header Files</Filter>
    </ClInclude>
    <ClInclude Include="inc\matrix.h">
      <Filter>Header Files</Filter>
    </ClInclude>
    <ClInclude Include="inc\matrix_unittest.h">
      <Filter>Header Files</Filter>
    </ClInclude>
    <ClInclude Include="inc\nms_float.h">
      <Filter>Header Files</Filter>
    </ClInclude>
    <ClInclude Include="inc\pipeline.h">
      <Filter>Header Files</Filter>
    </ClInclude>
    <ClInclude Include="inc\pipeline_config.h">
      <Filter>Header Files</Filter>
    </ClInclude>
    <ClInclude Include="inc\pipeline_unittest.h">
      <Filter>Header Files</Filter>
    </ClInclude>
    <ClInclude Include="inc\postprocessing_unittest.h">
      <Filter>Header Files</Filter>
    </ClInclude>
    <ClInclude Include="inc\quant_unittest.h">
      <Filter>Header Files</Filter>
    </ClInclude>
    <ClInclude Include="inc\quant_utils.h">
      <Filter>Header Files</Filter>
    </ClInclude>
    <ClInclude Include="inc\tracking.h">
      <Filter>Header Files</Filter>
    </ClInclude>
    <ClInclude Include="inc\tracking_unittest.h">
      <Filter>Header Files</Filter>
    </ClInclude>
    <ClInclude Include="inc\vec_types.h">
      <Filter>Header Files</Filter>
    </ClInclude>
    <ClInclude Include="inc\*.h">
      <Filter>Header Files</Filter>
    </ClInclude>
    <ClInclude Include="inc\*.h">
      <Filter>Header Files</Filter>
    </ClInclude>
    <ClInclude Include="inc\*.h">
      <Filter>Header Files</Filter>
    </ClInclude>
    <ClInclude Include="inc\*.h">
      <Filter>Header Files</Filter>
    </ClInclude>
    <ClInclude Include="inc\*.h">
      <Filter>Header Files</Filter>
    </ClInclude>
    <ClInclude Include="inc\*.h">
      <Filter>Header Files</Filter>
    </ClInclude>
    <ClInclude Include="inc\*.h">
      <Filter>Header Files</Filter>
    </ClInclude>
    <ClInclude Include="inc\*.h">
      <Filter>Header Files</Filter>
    </ClInclude>
    <ClInclude Include="inc\*.h">
      <Filter>Header Files</Filter>
    </ClInclude>
    <ClInclude Include="inc\assertion.h">
      <Filter>Header Files</Filter>
    </ClInclude>
    <ClInclude Include="inc\counting.h">
      <Filter>Header Files</Filter>
    </ClInclude>
    <ClInclude Include="inc\counting_unittest.h">
      <Filter>Header Files</Filter>
    </ClInclude>
    <ClInclude Include="inc\nms_byte.h">
      <Filter>Header Files</Filter>
    </ClInclude>
    <ClInclude Include="project_defines_standalone.h">
      <Filter>Header Files</Filter>
    </ClInclude>
  </ItemGroup>
</Project>